
Microsoft Visual Studio Solution File, Format Version 12.00
# Visual Studio Version 17
VisualStudioVersion = 17.14.36109.1 d17.14
MinimumVisualStudioVersion = 10.0.40219.1
Project("{FAE04EC0-301F-11D3-BF4B-00C04F79EFBC}") = "nforth", "nforth\nforth.csproj", "{5991498C-B867-47C0-B984-5FE73AA55DFC}"
EndProject
Global
	GlobalSection(SolutionConfigurationPlatforms) = preSolution
		Debug|Any CPU = Debug|Any CPU
		Release|Any CPU = Release|Any CPU
	EndGlobalSection
	GlobalSection(ProjectConfigurationPlatforms) = postSolution
		{5991498C-B867-47C0-B984-5FE73AA55DFC}.Debug|Any CPU.ActiveCfg = Debug|Any CPU
		{5991498C-B867-47C0-B984-5FE73AA55DFC}.Debug|Any CPU.Build.0 = Debug|Any CPU
		{5991498C-B867-47C0-B984-5FE73AA55DFC}.Release|Any CPU.ActiveCfg = Release|Any CPU
		{5991498C-B867-47C0-B984-5FE73AA55DFC}.Release|Any CPU.Build.0 = Release|Any CPU
	EndGlobalSection
	GlobalSection(SolutionProperties) = preSolution
		HideSolutionNode = FALSE
	EndGlobalSection
	GlobalSection(ExtensibilityGlobals) = postSolution
		SolutionGuid = {0731F548-DF30-4E9A-A66C-540E118846C8}
	EndGlobalSection
EndGlobal
